
Microsoft Visual Studio Solution File, Format Version 12.00
# Visual Studio Version 17
VisualStudioVersion = 17.3.32819.101
MinimumVisualStudioVersion = 10.0.40219.1
Project("{FAE04EC0-301F-11D3-BF4B-00C04F79EFBC}") = "BankaTest", "BankaTest\BankaTest.csproj", "{B50B7EA4-1C54-4068-87BA-D873082D4289}"
EndProject
Global
	GlobalSection(SolutionConfigurationPlatforms) = preSolution
		Debug|Any CPU = Debug|Any CPU
		Release|Any CPU = Release|Any CPU
	EndGlobalSection
	GlobalSection(ProjectConfigurationPlatforms) = postSolution
		{B50B7EA4-1C54-4068-87BA-D873082D4289}.Debug|Any CPU.ActiveCfg = Debug|Any CPU
		{B50B7EA4-1C54-4068-87BA-D873082D4289}.Debug|Any CPU.Build.0 = Debug|Any CPU
		{B50B7EA4-1C54-4068-87BA-D873082D4289}.Release|Any CPU.ActiveCfg = Release|Any CPU
		{B50B7EA4-1C54-4068-87BA-D873082D4289}.Release|Any CPU.Build.0 = Release|Any CPU
	EndGlobalSection
	GlobalSection(SolutionProperties) = preSolution
		HideSolutionNode = FALSE
	EndGlobalSection
	GlobalSection(ExtensibilityGlobals) = postSolution
		SolutionGuid = {5234FE98-5E2B-4C07-B119-0531B4A5D1C8}
	EndGlobalSection
EndGlobal
