
Microsoft Visual Studio Solution File, Format Version 12.00
# Visual Studio Version 16
VisualStudioVersion = 16.0.31410.357
MinimumVisualStudioVersion = 10.0.40219.1
Project("{FAE04EC0-301F-11D3-BF4B-00C04F79EFBC}") = "Udemy11_MesajTest", "Udemy11_MesajTest\Udemy11_MesajTest.csproj", "{B56646BE-ED3A-49D9-B079-E8C0AE832E4A}"
EndProject
Global
	GlobalSection(SolutionConfigurationPlatforms) = preSolution
		Debug|Any CPU = Debug|Any CPU
		Release|Any CPU = Release|Any CPU
	EndGlobalSection
	GlobalSection(ProjectConfigurationPlatforms) = postSolution
		{B56646BE-ED3A-49D9-B079-E8C0AE832E4A}.Debug|Any CPU.ActiveCfg = Debug|Any CPU
		{B56646BE-ED3A-49D9-B079-E8C0AE832E4A}.Debug|Any CPU.Build.0 = Debug|Any CPU
		{B56646BE-ED3A-49D9-B079-E8C0AE832E4A}.Release|Any CPU.ActiveCfg = Release|Any CPU
		{B56646BE-ED3A-49D9-B079-E8C0AE832E4A}.Release|Any CPU.Build.0 = Release|Any CPU
	EndGlobalSection
	GlobalSection(SolutionProperties) = preSolution
		HideSolutionNode = FALSE
	EndGlobalSection
	GlobalSection(ExtensibilityGlobals) = postSolution
		SolutionGuid = {837E7E7C-72FD-488B-ADF0-EDCC05135F28}
	EndGlobalSection
EndGlobal
