
Microsoft Visual Studio Solution File, Format Version 12.00
# Visual Studio Version 16
VisualStudioVersion = 16.0.31205.134
MinimumVisualStudioVersion = 10.0.40219.1
Project("{FAE04EC0-301F-11D3-BF4B-00C04F79EFBC}") = "KelimeOgrenUdemy7", "KelimeOgrenUdemy7\KelimeOgrenUdemy7.csproj", "{7C0A5218-1F14-453A-AB74-9E02E5BBDAEB}"
EndProject
Global
	GlobalSection(SolutionConfigurationPlatforms) = preSolution
		Debug|Any CPU = Debug|Any CPU
		Release|Any CPU = Release|Any CPU
	EndGlobalSection
	GlobalSection(ProjectConfigurationPlatforms) = postSolution
		{7C0A5218-1F14-453A-AB74-9E02E5BBDAEB}.Debug|Any CPU.ActiveCfg = Debug|Any CPU
		{7C0A5218-1F14-453A-AB74-9E02E5BBDAEB}.Debug|Any CPU.Build.0 = Debug|Any CPU
		{7C0A5218-1F14-453A-AB74-9E02E5BBDAEB}.Release|Any CPU.ActiveCfg = Release|Any CPU
		{7C0A5218-1F14-453A-AB74-9E02E5BBDAEB}.Release|Any CPU.Build.0 = Release|Any CPU
	EndGlobalSection
	GlobalSection(SolutionProperties) = preSolution
		HideSolutionNode = FALSE
	EndGlobalSection
	GlobalSection(ExtensibilityGlobals) = postSolution
		SolutionGuid = {23F7EEF7-2CA1-46D3-B8BB-C0CD09944801}
	EndGlobalSection
EndGlobal
